{
  "name": "farewell-unified-project",
  "version": "1.0.0",
  "lockfileVersion": 3,
  "requires": true,
  "packages": {
    "": {
      "name": "farewell-unified-project",
      "version": "1.0.0",
      "license": "MIT",
      "dependencies": {
        "hono": "^4.0.0"
      },
      "devDependencies": {
        "@cloudflare/workers-types": "^4.20250617.0",
        "typescript": "^5.0.0"
      }
    },
    "node_modules/@cloudflare/workers-types": {
      "version": "4.20250618.0",
      "resolved": "https://registry.npmjs.org/@cloudflare/workers-types/-/workers-types-4.20250618.0.tgz",
      "integrity": "sha512-5c26+nZEXDRrlzsIaVt3npuElwLi6bhLZHyDfMX5JmcM9sogeBMyyXrU3gJG0DII3QenE7DuyMC8uFzJHTcnDA==",
      "dev": true,
      "license": "MIT OR Apache-2.0"
    },
    "node_modules/hono": {
      "version": "4.8.0",
      "resolved": "https://registry.npmjs.org/hono/-/hono-4.8.0.tgz",
      "integrity": "sha512-NoiHrqJxoe1MYXqW+/0/Q4NCizKj2Ivm4KmX8mOSBtw9UJ7KYaOGKkO7csIwO5UlZpfvVRdcgiMb0GGyjEjtcw==",
      "license": "MIT",
      "engines": {
        "node": ">=16.9.0"
      }
    },
    "node_modules/typescript": {
      "version": "5.8.3",
      "resolved": "https://registry.npmjs.org/typescript/-/typescript-5.8.3.tgz",
      "integrity": "sha512-p1diW6TqL9L07nNxvRMM7hMMw4c5XOo/1ibL4aAIGmSAt9slTE1Xgw5KWuof2uTOvCg9BY7ZRi+GaF+7sfgPeQ==",
      "dev": true,
      "license": "Apache-2.0",
      "bin": {
        "tsc": "bin/tsc",
        "tsserver": "bin/tsserver"
      },
      "engines": {
        "node": ">=14.17"
      }
    }
  }
}
